
Microsoft Visual Studio Solution File, Format Version 12.00
# Visual Studio 15
VisualStudioVersion = 15.0.28307.852
MinimumVisualStudioVersion = 10.0.40219.1
Project("{FAE04EC0-301F-11D3-BF4B-00C04F79EFBC}") = "Practical1", "Practical1\Practical1.csproj", "{570BFB1D-818A-463C-9A52-086C9A45802B}"
EndProject
Global
	GlobalSection(SolutionConfigurationPlatforms) = preSolution
		Debug|Any CPU = Debug|Any CPU
		Release|Any CPU = Release|Any CPU
	EndGlobalSection
	GlobalSection(ProjectConfigurationPlatforms) = postSolution
		{570BFB1D-818A-463C-9A52-086C9A45802B}.Debug|Any CPU.ActiveCfg = Debug|Any CPU
		{570BFB1D-818A-463C-9A52-086C9A45802B}.Debug|Any CPU.Build.0 = Debug|Any CPU
		{570BFB1D-818A-463C-9A52-086C9A45802B}.Release|Any CPU.ActiveCfg = Release|Any CPU
		{570BFB1D-818A-463C-9A52-086C9A45802B}.Release|Any CPU.Build.0 = Release|Any CPU
	EndGlobalSection
	GlobalSection(SolutionProperties) = preSolution
		HideSolutionNode = FALSE
	EndGlobalSection
	GlobalSection(ExtensibilityGlobals) = postSolution
		SolutionGuid = {B0564528-59D0-4DEE-8FDF-F708F12252CB}
	EndGlobalSection
EndGlobal
